
Microsoft Visual Studio Solution File, Format Version 12.00
# Visual Studio Version 17
VisualStudioVersion = 17.0.31912.275
MinimumVisualStudioVersion = 10.0.40219.1
Project("{FAE04EC0-301F-11D3-BF4B-00C04F79EFBC}") = "NeuronsTask", "NeuronsTask\NeuronsTask.csproj", "{73D4ADA6-1DC7-414A-9160-D3A75D50506C}"
EndProject
Global
	GlobalSection(SolutionConfigurationPlatforms) = preSolution
		Debug|Any CPU = Debug|Any CPU
		Release|Any CPU = Release|Any CPU
	EndGlobalSection
	GlobalSection(ProjectConfigurationPlatforms) = postSolution
		{73D4ADA6-1DC7-414A-9160-D3A75D50506C}.Debug|Any CPU.ActiveCfg = Debug|Any CPU
		{73D4ADA6-1DC7-414A-9160-D3A75D50506C}.Debug|Any CPU.Build.0 = Debug|Any CPU
		{73D4ADA6-1DC7-414A-9160-D3A75D50506C}.Release|Any CPU.ActiveCfg = Release|Any CPU
		{73D4ADA6-1DC7-414A-9160-D3A75D50506C}.Release|Any CPU.Build.0 = Release|Any CPU
	EndGlobalSection
	GlobalSection(SolutionProperties) = preSolution
		HideSolutionNode = FALSE
	EndGlobalSection
	GlobalSection(ExtensibilityGlobals) = postSolution
		SolutionGuid = {5D53F238-E139-4541-BDC3-8D56C1763D5F}
	EndGlobalSection
EndGlobal
